{
  "base_url": "https://snapshot.debian.org/archive/debian/20260115T000000Z",
  "packages": {
    "amd64": {
      "gcc-14-base": {
        "file": "pool/main/g/gcc-14/gcc-14-base_14.2.0-19_amd64.deb",
        "sha256": "5b6825de4263824b78c4c51f6476414f3b4e89c2ab63e81dc8b9b5501e867cf6"
      },
      "libatomic1": {
        "file": "pool/main/g/gcc-14/libatomic1_14.2.0-19_amd64.deb",
        "sha256": "212b399aae2f7299203d261a57e49372e09565a9a5ea971905f94a3960366c05"
      },
      "libc6": {
        "file": "pool/main/g/glibc/libc6_2.41-12+deb13u1_amd64.deb",
        "sha256": "0a51c7ba7c59b3c664b836fe33c5184e6f5a869f57e86613381e954d74282b66"
      },
      "libc6-dev": {
        "file": "pool/main/g/glibc/libc6-dev_2.41-12+deb13u1_amd64.deb",
        "sha256": "eac4c51b8943587f5cd953805b8cfc5582ca89ca174134c09b6e4472a5a1d38c"
      },
      "libcrypt-dev": {
        "file": "pool/main/libx/libxcrypt/libcrypt-dev_4.4.38-1_amd64.deb",
        "sha256": "98e2333aea8d64ca68f9b75c16256d3a05492fd8f9e6dba96adbc6f19e4f5a09"
      },
      "libcrypt1": {
        "file": "pool/main/libx/libxcrypt/libcrypt1_4.4.38-1_amd64.deb",
        "sha256": "0ebc144d662e3197982d1bf3a7b8b35ca845e54c68811de0328b1f0d7c67585c"
      },
      "libgcc-14-dev": {
        "file": "pool/main/g/gcc-14/libgcc-14-dev_14.2.0-19_amd64.deb",
        "sha256": "ca6f2d36d96b19b3eb71405b0b80134d8c89380b02204a2512e5c58ceb090628"
      },
      "libgcc-s1": {
        "file": "pool/main/g/gcc-14/libgcc-s1_14.2.0-19_amd64.deb",
        "sha256": "3c71917b490d1a17aed43196a2787a256ecf060526cdb20216a74bedc061b150"
      },
      "libstdc++-14-dev": {
        "file": "pool/main/g/gcc-14/libstdc++-14-dev_14.2.0-19_amd64.deb",
        "sha256": "4b962fac5f1af0bd8b1b3f97e0f47b9d8e9a79e88802143f00ebfbd78ad87a7b"
      },
      "libstdc++6": {
        "file": "pool/main/g/gcc-14/libstdc++6_14.2.0-19_amd64.deb",
        "sha256": "ab1fa05837aa7a92aae748fd07a18a35f7d18bb4a71c4724fe2bbf0e32089de0"
      },
      "linux-libc-dev": {
        "file": "pool/main/l/linux/linux-libc-dev_6.12.63-1_all.deb",
        "sha256": "94c6b3f347d5cc0fe2e0175f25aa2a62c486d0ce31f9e36ca1e9a9a2610bf727"
      }
    },
    "arm64": {
      "gcc-14-base": {
        "file": "pool/main/g/gcc-14/gcc-14-base_14.2.0-19_arm64.deb",
        "sha256": "34ee90679b018c0e64234747a4c4c0ae6b7f63541115037465a8627c2dfbc594"
      },
      "libatomic1": {
        "file": "pool/main/g/gcc-14/libatomic1_14.2.0-19_arm64.deb",
        "sha256": "7ccff90234484bf21ae5ecb79d25b6a84b2f4038f65dd139085b2e3a937cd8dc"
      },
      "libc6": {
        "file": "pool/main/g/glibc/libc6_2.41-12+deb13u1_arm64.deb",
        "sha256": "19c43436854a1207a9bf0cea32fa3c0a069fd26f82ab23302d20b0574b635395"
      },
      "libc6-dev": {
        "file": "pool/main/g/glibc/libc6-dev_2.41-12+deb13u1_arm64.deb",
        "sha256": "506f4cbb9a1aa8c39b475995f553bdb10ce80025f6a0fd2efa65dc197ccb1934"
      },
      "libcrypt-dev": {
        "file": "pool/main/libx/libxcrypt/libcrypt-dev_4.4.38-1_arm64.deb",
        "sha256": "eec6d4658495cdb8ce505cad91e0918edb8086677f280f3851c07ccd70543054"
      },
      "libcrypt1": {
        "file": "pool/main/libx/libxcrypt/libcrypt1_4.4.38-1_arm64.deb",
        "sha256": "b9aaa808aa3812b3de3e54eb5dfb16762c1779db032604abef2354c02fdc29b8"
      },
      "libgcc-14-dev": {
        "file": "pool/main/g/gcc-14/libgcc-14-dev_14.2.0-19_arm64.deb",
        "sha256": "64b8ebc7182a69aa9525df6eab5e7eb849b947e350d821549f8a8a3e9b19e5ba"
      },
      "libgcc-s1": {
        "file": "pool/main/g/gcc-14/libgcc-s1_14.2.0-19_arm64.deb",
        "sha256": "1108bc87879833d6d9a145f22a4a15cddb34e065b4b5f4b97bee586adbac2851"
      },
      "libstdc++-14-dev": {
        "file": "pool/main/g/gcc-14/libstdc++-14-dev_14.2.0-19_arm64.deb",
        "sha256": "8760122d044cd8eb8c69426311d6b5ce7bb8f0f76e9cda1944d153ae878138f8"
      },
      "libstdc++6": {
        "file": "pool/main/g/gcc-14/libstdc++6_14.2.0-19_arm64.deb",
        "sha256": "6669b0c52a2e7c6af9adfdabce3ff6e286065cdfbc7b85280862b5f799daebee"
      },
      "linux-libc-dev": {
        "file": "pool/main/l/linux/linux-libc-dev_6.12.63-1_all.deb",
        "sha256": "94c6b3f347d5cc0fe2e0175f25aa2a62c486d0ce31f9e36ca1e9a9a2610bf727"
      }
    }
  },
  "snapshot": "20260115T000000Z"
}
